// !$*UTF8*$!
{
	archiveVersion = 1;
	classes = {
	};
	objectVersion = 56;
	objects = {

/* Begin PBXBuildFile section */
		6737BC3F2B3BE4960086D30A /* BlottApp.swift in Sources */ = {isa = PBXBuildFile; fileRef = 6737BC3E2B3BE4960086D30A /* BlottApp.swift */; };
		6737BC412B3BE4960086D30A /* ContentView.swift in Sources */ = {isa = PBXBuildFile; fileRef = 6737BC402B3BE4960086D30A /* ContentView.swift */; };
		6737BC432B3BE4970086D30A /* Assets.xcassets in Resources */ = {isa = PBXBuildFile; fileRef = 6737BC422B3BE4970086D30A /* Assets.xcassets */; };
		6737BC462B3BE4970086D30A /* Preview Assets.xcassets in Resources */ = {isa = PBXBuildFile; fileRef = 6737BC452B3BE4970086D30A /* Preview Assets.xcassets */; };
		6737BC4D2B3BE50D0086D30A /* OnboardingNameView.swift in Sources */ = {isa = PBXBuildFile; fileRef = 6737BC4C2B3BE50D0086D30A /* OnboardingNameView.swift */; };
		6737BC4F2B3BEA300086D30A /* RegisterView.swift in Sources */ = {isa = PBXBuildFile; fileRef = 6737BC4E2B3BEA300086D30A /* RegisterView.swift */; };
		6737BC512B3BF1560086D30A /* OnboardingMobileNumberView.swift in Sources */ = {isa = PBXBuildFile; fileRef = 6737BC502B3BF1560086D30A /* OnboardingMobileNumberView.swift */; };
		6737BC532B3BF4340086D30A /* OnboardingAddressView.swift in Sources */ = {isa = PBXBuildFile; fileRef = 6737BC522B3BF4340086D30A /* OnboardingAddressView.swift */; };
/* End PBXBuildFile section */

/* Begin PBXFileReference section */
		6737BC3B2B3BE4960086D30A /* Blott.app */ = {isa = PBXFileReference; explicitFileType = wrapper.application; includeInIndex = 0; path = Blott.app; sourceTree = BUILT_PRODUCTS_DIR; };
		6737BC3E2B3BE4960086D30A /* BlottApp.swift */ = {isa = PBXFileReference; lastKnownFileType = sourcecode.swift; path = BlottApp.swift; sourceTree = "<group>"; };
		6737BC402B3BE4960086D30A /* ContentView.swift */ = {isa = PBXFileReference; lastKnownFileType = sourcecode.swift; path = ContentView.swift; sourceTree = "<group>"; };
		6737BC422B3BE4970086D30A /* Assets.xcassets */ = {isa = PBXFileReference; lastKnownFileType = folder.assetcatalog; path = Assets.xcassets; sourceTree = "<group>"; };
		6737BC452B3BE4970086D30A /* Preview Assets.xcassets */ = {isa = PBXFileReference; lastKnownFileType = folder.assetcatalog; path = "Preview Assets.xcassets"; sourceTree = "<group>"; };
		6737BC4C2B3BE50D0086D30A /* OnboardingNameView.swift */ = {isa = PBXFileReference; lastKnownFileType = sourcecode.swift; path = OnboardingNameView.swift; sourceTree = "<group>"; };
		6737BC4E2B3BEA300086D30A /* RegisterView.swift */ = {isa = PBXFileReference; lastKnownFileType = sourcecode.swift; path = RegisterView.swift; sourceTree = "<group>"; };
		6737BC502B3BF1560086D30A /* OnboardingMobileNumberView.swift */ = {isa = PBXFileReference; lastKnownFileType = sourcecode.swift; path = OnboardingMobileNumberView.swift; sourceTree = "<group>"; };
		6737BC522B3BF4340086D30A /* OnboardingAddressView.swift */ = {isa = PBXFileReference; lastKnownFileType = sourcecode.swift; path = OnboardingAddressView.swift; sourceTree = "<group>"; };
/* End PBXFileReference section */

/* Begin PBXFrameworksBuildPhase section */
		6737BC382B3BE4950086D30A /* Frameworks */ = {
			isa = PBXFrameworksBuildPhase;
			buildActionMask = 2147483647;
			files = (
			);
			runOnlyForDeploymentPostprocessing = 0;
		};
/* End PBXFrameworksBuildPhase section */

/* Begin PBXGroup section */
		6737BC322B3BE4950086D30A = {
			isa = PBXGroup;
			children = (
				6737BC3D2B3BE4960086D30A /* Blott */,
				6737BC3C2B3BE4960086D30A /* Products */,
			);
			sourceTree = "<group>";
		};
		6737BC3C2B3BE4960086D30A /* Products */ = {
			isa = PBXGroup;
			children = (
				6737BC3B2B3BE4960086D30A /* Blott.app */,
			);
			name = Products;
			sourceTree = "<group>";
		};
		6737BC3D2B3BE4960086D30A /* Blott */ = {
			isa = PBXGroup;
			children = (
				6737BC3E2B3BE4960086D30A /* BlottApp.swift */,
				6737BC402B3BE4960086D30A /* ContentView.swift */,
				6737BC4C2B3BE50D0086D30A /* OnboardingNameView.swift */,
				6737BC502B3BF1560086D30A /* OnboardingMobileNumberView.swift */,
				6737BC522B3BF4340086D30A /* OnboardingAddressView.swift */,
				6737BC4E2B3BEA300086D30A /* RegisterView.swift */,
				6737BC422B3BE4970086D30A /* Assets.xcassets */,
				6737BC442B3BE4970086D30A /* Preview Content */,
			);
			path = Blott;
			sourceTree = "<group>";
		};
		6737BC442B3BE4970086D30A /* Preview Content */ = {
			isa = PBXGroup;
			children = (
				6737BC452B3BE4970086D30A /* Preview Assets.xcassets */,
			);
			path = "Preview Content";
			sourceTree = "<group>";
		};
/* End PBXGroup section */

/* Begin PBXNativeTarget section */
		6737BC3A2B3BE4950086D30A /* Blott */ = {
			isa = PBXNativeTarget;
			buildConfigurationList = 6737BC492B3BE4970086D30A /* Build configuration list for PBXNativeTarget "Blott" */;
			buildPhases = (
				6737BC372B3BE4950086D30A /* Sources */,
				6737BC382B3BE4950086D30A /* Frameworks */,
				6737BC392B3BE4950086D30A /* Resources */,
			);
			buildRules = (
			);
			dependencies = (
			);
			name = Blott;
			productName = Blott;
			productReference = 6737BC3B2B3BE4960086D30A /* Blott.app */;
			productType = "com.apple.product-type.application";
		};
/* End PBXNativeTarget section */

/* Begin PBXProject section */
		6737BC332B3BE4950086D30A /* Project object */ = {
			isa = PBXProject;
			attributes = {
				BuildIndependentTargetsInParallel = 1;
				LastSwiftUpdateCheck = 1430;
				LastUpgradeCheck = 1430;
				TargetAttributes = {
					6737BC3A2B3BE4950086D30A = {
						CreatedOnToolsVersion = 14.3.1;
					};
				};
			};
			buildConfigurationList = 6737BC362B3BE4950086D30A /* Build configuration list for PBXProject "Blott" */;
			compatibilityVersion = "Xcode 14.0";
			developmentRegion = en;
			hasScannedForEncodings = 0;
			knownRegions = (
				en,
				Base,
			);
			mainGroup = 6737BC322B3BE4950086D30A;
			productRefGroup = 6737BC3C2B3BE4960086D30A /* Products */;
			projectDirPath = "";
			projectRoot = "";
			targets = (
				6737BC3A2B3BE4950086D30A /* Blott */,
			);
		};
/* End PBXProject section */

/* Begin PBXResourcesBuildPhase section */
		6737BC392B3BE4950086D30A /* Resources */ = {
			isa = PBXResourcesBuildPhase;
			buildActionMask = 2147483647;
			files = (
				6737BC462B3BE4970086D30A /* Preview Assets.xcassets in Resources */,
				6737BC432B3BE4970086D30A /* Assets.xcassets in Resources */,
			);
			runOnlyForDeploymentPostprocessing = 0;
		};
/* End PBXResourcesBuildPhase section */

/* Begin PBXSourcesBuildPhase section */
		6737BC372B3BE4950086D30A /* Sources */ = {
			isa = PBXSourcesBuildPhase;
			buildActionMask = 2147483647;
			files = (
				6737BC512B3BF1560086D30A /* OnboardingMobileNumberView.swift in Sources */,
				6737BC412B3BE4960086D30A /* ContentView.swift in Sources */,
				6737BC532B3BF4340086D30A /* OnboardingAddressView.swift in Sources */,
				6737BC4F2B3BEA300086D30A /* RegisterView.swift in Sources */,
				6737BC3F2B3BE4960086D30A /* BlottApp.swift in Sources */,
				6737BC4D2B3BE50D0086D30A /* OnboardingNameView.swift in Sources */,
			);
			runOnlyForDeploymentPostprocessing = 0;
		};
/* End PBXSourcesBuildPhase section */

/* Begin XCBuildConfiguration section */
		6737BC472B3BE4970086D30A /* Debug */ = {
			isa = XCBuildConfiguration;
			buildSettings = {
				ALWAYS_SEARCH_USER_PATHS = NO;
				CLANG_ANALYZER_NONNULL = YES;
				CLANG_ANALYZER_NUMBER_OBJECT_CONVERSION = YES_AGGRESSIVE;
				CLANG_CXX_LANGUAGE_STANDARD = "gnu++20";
				CLANG_ENABLE_MODULES = YES;
				CLANG_ENABLE_OBJC_ARC = YES;
				CLANG_ENABLE_OBJC_WEAK = YES;
				CLANG_WARN_BLOCK_CAPTURE_AUTORELEASING = YES;
				CLANG_WARN_BOOL_CONVERSION = YES;
				CLANG_WARN_COMMA = YES;
				CLANG_WARN_CONSTANT_CONVERSION = YES;
				CLANG_WARN_DEPRECATED_OBJC_IMPLEMENTATIONS = YES;
				CLANG_WARN_DIRECT_OBJC_ISA_USAGE = YES_ERROR;
				CLANG_WARN_DOCUMENTATION_COMMENTS = YES;
				CLANG_WARN_EMPTY_BODY = YES;
				CLANG_WARN_ENUM_CONVERSION = YES;
				CLANG_WARN_INFINITE_RECURSION = YES;
				CLANG_WARN_INT_CONVERSION = YES;
				CLANG_WARN_NON_LITERAL_NULL_CONVERSION = YES;
				CLANG_WARN_OBJC_IMPLICIT_RETAIN_SELF = YES;
				CLANG_WARN_OBJC_LITERAL_CONVERSION = YES;
				CLANG_WARN_OBJC_ROOT_CLASS = YES_ERROR;
				CLANG_WARN_QUOTED_INCLUDE_IN_FRAMEWORK_HEADER = YES;
				CLANG_WARN_RANGE_LOOP_ANALYSIS = YES;
				CLANG_WARN_STRICT_PROTOTYPES = YES;
				CLANG_WARN_SUSPICIOUS_MOVE = YES;
				CLANG_WARN_UNGUARDED_AVAILABILITY = YES_AGGRESSIVE;
				CLANG_WARN_UNREACHABLE_CODE = YES;
				CLANG_WARN__DUPLICATE_METHOD_MATCH = YES;
				COPY_PHASE_STRIP = NO;
				DEBUG_INFORMATION_FORMAT = dwarf;
				ENABLE_STRICT_OBJC_MSGSEND = YES;
				ENABLE_TESTABILITY = YES;
				GCC_C_LANGUAGE_STANDARD = gnu11;
				GCC_DYNAMIC_NO_PIC = NO;
				GCC_NO_COMMON_BLOCKS = YES;
				GCC_OPTIMIZATION_LEVEL = 0;
				GCC_PREPROCESSOR_DEFINITIONS = (
					"DEBUG=1",
					"$(inherited)",
				);
				GCC_WARN_64_TO_32_BIT_CONVERSION = YES;
				GCC_WARN_ABOUT_RETURN_TYPE = YES_ERROR;
				GCC_WARN_UNDECLARED_SELECTOR = YES;
				GCC_WARN_UNINITIALIZED_AUTOS = YES_AGGRESSIVE;
				GCC_WARN_UNUSED_FUNCTION = YES;
				GCC_WARN_UNUSED_VARIABLE = YES;
				IPHONEOS_DEPLOYMENT_TARGET = 16.4;
				MTL_ENABLE_DEBUG_INFO = INCLUDE_SOURCE;
				MTL_FAST_MATH = YES;
				ONLY_ACTIVE_ARCH = YES;
				SDKROOT = iphoneos;
				SWIFT_ACTIVE_COMPILATION_CONDITIONS = DEBUG;
				SWIFT_OPTIMIZATION_LEVEL = "-Onone";
			};
			name = Debug;
		};
		6737BC482B3BE4970086D30A /* Release */ = {
			isa = XCBuildConfiguration;
			buildSettings = {
				ALWAYS_SEARCH_USER_PATHS = NO;
				CLANG_ANALYZER_NONNULL = YES;
				CLANG_ANALYZER_NUMBER_OBJECT_CONVERSION = YES_AGGRESSIVE;
				CLANG_CXX_LANGUAGE_STANDARD = "gnu++20";
				CLANG_ENABLE_MODULES = YES;
				CLANG_ENABLE_OBJC_ARC = YES;
				CLANG_ENABLE_OBJC_WEAK = YES;
				CLANG_WARN_BLOCK_CAPTURE_AUTORELEASING = YES;
				CLANG_WARN_BOOL_CONVERSION = YES;
				CLANG_WARN_COMMA = YES;
				CLANG_WARN_CONSTANT_CONVERSION = YES;
				CLANG_WARN_DEPRECATED_OBJC_IMPLEMENTATIONS = YES;
				CLANG_WARN_DIRECT_OBJC_ISA_USAGE = YES_ERROR;
				CLANG_WARN_DOCUMENTATION_COMMENTS = YES;
				CLANG_WARN_EMPTY_BODY = YES;
				CLANG_WARN_ENUM_CONVERSION = YES;
				CLANG_WARN_INFINITE_RECURSION = YES;
				CLANG_WARN_INT_CONVERSION = YES;
				CLANG_WARN_NON_LITERAL_NULL_CONVERSION = YES;
				CLANG_WARN_OBJC_IMPLICIT_RETAIN_SELF = YES;
				CLANG_WARN_OBJC_LITERAL_CONVERSION = YES;
				CLANG_WARN_OBJC_ROOT_CLASS = YES_ERROR;
				CLANG_WARN_QUOTED_INCLUDE_IN_FRAMEWORK_HEADER = YES;
				CLANG_WARN_RANGE_LOOP_ANALYSIS = YES;
				CLANG_WARN_STRICT_PROTOTYPES = YES;
				CLANG_WARN_SUSPICIOUS_MOVE = YES;
				CLANG_WARN_UNGUARDED_AVAILABILITY = YES_AGGRESSIVE;
				CLANG_WARN_UNREACHABLE_CODE = YES;
				CLANG_WARN__DUPLICATE_METHOD_MATCH = YES;
				COPY_PHASE_STRIP = NO;
				DEBUG_INFORMATION_FORMAT = "dwarf-with-dsym";
				ENABLE_NS_ASSERTIONS = NO;
				ENABLE_STRICT_OBJC_MSGSEND = YES;
				GCC_C_LANGUAGE_STANDARD = gnu11;
				GCC_NO_COMMON_BLOCKS = YES;
				GCC_WARN_64_TO_32_BIT_CONVERSION = YES;
				GCC_WARN_ABOUT_RETURN_TYPE = YES_ERROR;
				GCC_WARN_UNDECLARED_SELECTOR = YES;
				GCC_WARN_UNINITIALIZED_AUTOS = YES_AGGRESSIVE;
				GCC_WARN_UNUSED_FUNCTION = YES;
				GCC_WARN_UNUSED_VARIABLE = YES;
				IPHONEOS_DEPLOYMENT_TARGET = 16.4;
				MTL_ENABLE_DEBUG_INFO = NO;
				MTL_FAST_MATH = YES;
				SDKROOT = iphoneos;
				SWIFT_COMPILATION_MODE = wholemodule;
				SWIFT_OPTIMIZATION_LEVEL = "-O";
				VALIDATE_PRODUCT = YES;
			};
			name = Release;
		};
		6737BC4A2B3BE4970086D30A /* Debug */ = {
			isa = XCBuildConfiguration;
			buildSettings = {
				ASSETCATALOG_COMPILER_APPICON_NAME = AppIcon;
				ASSETCATALOG_COMPILER_GLOBAL_ACCENT_COLOR_NAME = AccentColor;
				CODE_SIGN_STYLE = Automatic;
				CURRENT_PROJECT_VERSION = 1;
				DEVELOPMENT_ASSET_PATHS = "\"Blott/Preview Content\"";
				ENABLE_PREVIEWS = YES;
				GENERATE_INFOPLIST_FILE = YES;
				INFOPLIST_KEY_UIApplicationSceneManifest_Generation = YES;
				INFOPLIST_KEY_UIApplicationSupportsIndirectInputEvents = YES;
				INFOPLIST_KEY_UILaunchScreen_Generation = YES;
				INFOPLIST_KEY_UISupportedInterfaceOrientations_iPad = "UIInterfaceOrientationPortrait UIInterfaceOrientationPortraitUpsideDown UIInterfaceOrientationLandscapeLeft UIInterfaceOrientationLandscapeRight";
				INFOPLIST_KEY_UISupportedInterfaceOrientations_iPhone = "UIInterfaceOrientationPortrait UIInterfaceOrientationLandscapeLeft UIInterfaceOrientationLandscapeRight";
				LD_RUNPATH_SEARCH_PATHS = (
					"$(inherited)",
					"@executable_path/Frameworks",
				);
				MARKETING_VERSION = 1.0;
				PRODUCT_BUNDLE_IDENTIFIER = com.test.blott.Blott;
				PRODUCT_NAME = "$(TARGET_NAME)";
				SWIFT_EMIT_LOC_STRINGS = YES;
				SWIFT_VERSION = 5.0;
				TARGETED_DEVICE_FAMILY = "1,2";
			};
			name = Debug;
		};
		6737BC4B2B3BE4970086D30A /* Release */ = {
			isa = XCBuildConfiguration;
			buildSettings = {
				ASSETCATALOG_COMPILER_APPICON_NAME = AppIcon;
				ASSETCATALOG_COMPILER_GLOBAL_ACCENT_COLOR_NAME = AccentColor;
				CODE_SIGN_STYLE = Automatic;
				CURRENT_PROJECT_VERSION = 1;
				DEVELOPMENT_ASSET_PATHS = "\"Blott/Preview Content\"";
				ENABLE_PREVIEWS = YES;
				GENERATE_INFOPLIST_FILE = YES;
				INFOPLIST_KEY_UIApplicationSceneManifest_Generation = YES;
				INFOPLIST_KEY_UIApplicationSupportsIndirectInputEvents = YES;
				INFOPLIST_KEY_UILaunchScreen_Generation = YES;
				INFOPLIST_KEY_UISupportedInterfaceOrientations_iPad = "UIInterfaceOrientationPortrait UIInterfaceOrientationPortraitUpsideDown UIInterfaceOrientationLandscapeLeft UIInterfaceOrientationLandscapeRight";
				INFOPLIST_KEY_UISupportedInterfaceOrientations_iPhone = "UIInterfaceOrientationPortrait UIInterfaceOrientationLandscapeLeft UIInterfaceOrientationLandscapeRight";
				LD_RUNPATH_SEARCH_PATHS = (
					"$(inherited)",
					"@executable_path/Frameworks",
				);
				MARKETING_VERSION = 1.0;
				PRODUCT_BUNDLE_IDENTIFIER = com.test.blott.Blott;
				PRODUCT_NAME = "$(TARGET_NAME)";
				SWIFT_EMIT_LOC_STRINGS = YES;
				SWIFT_VERSION = 5.0;
				TARGETED_DEVICE_FAMILY = "1,2";
			};
			name = Release;
		};
/* End XCBuildConfiguration section */

/* Begin XCConfigurationList section */
		6737BC362B3BE4950086D30A /* Build configuration list for PBXProject "Blott" */ = {
			isa = XCConfigurationList;
			buildConfigurations = (
				6737BC472B3BE4970086D30A /* Debug */,
				6737BC482B3BE4970086D30A /* Release */,
			);
			defaultConfigurationIsVisible = 0;
			defaultConfigurationName = Release;
		};
		6737BC492B3BE4970086D30A /* Build configuration list for PBXNativeTarget "Blott" */ = {
			isa = XCConfigurationList;
			buildConfigurations = (
				6737BC4A2B3BE4970086D30A /* Debug */,
				6737BC4B2B3BE4970086D30A /* Release */,
			);
			defaultConfigurationIsVisible = 0;
			defaultConfigurationName = Release;
		};
/* End XCConfigurationList section */
	};
	rootObject = 6737BC332B3BE4950086D30A /* Project object */;
}
